
Microsoft Visual Studio Solution File, Format Version 12.00
# Visual Studio Version 17
VisualStudioVersion = 17.14.36301.6 d17.14
MinimumVisualStudioVersion = 10.0.40219.1
Project("{FAE04EC0-301F-11D3-BF4B-00C04F79EFBC}") = "FormsApp", "FormsApp.csproj", "{CA78ACCD-3EA1-4D6F-BD90-617C3730F9E5}"
EndProject
Global
	GlobalSection(SolutionConfigurationPlatforms) = preSolution
		Debug|Any CPU = Debug|Any CPU
		Release|Any CPU = Release|Any CPU
	EndGlobalSection
	GlobalSection(ProjectConfigurationPlatforms) = postSolution
		{CA78ACCD-3EA1-4D6F-BD90-617C3730F9E5}.Debug|Any CPU.ActiveCfg = Debug|Any CPU
		{CA78ACCD-3EA1-4D6F-BD90-617C3730F9E5}.Debug|Any CPU.Build.0 = Debug|Any CPU
		{CA78ACCD-3EA1-4D6F-BD90-617C3730F9E5}.Release|Any CPU.ActiveCfg = Release|Any CPU
		{CA78ACCD-3EA1-4D6F-BD90-617C3730F9E5}.Release|Any CPU.Build.0 = Release|Any CPU
	EndGlobalSection
	GlobalSection(SolutionProperties) = preSolution
		HideSolutionNode = FALSE
	EndGlobalSection
	GlobalSection(ExtensibilityGlobals) = postSolution
		SolutionGuid = {DB1B714E-85D8-4800-A956-4A242B8617F8}
	EndGlobalSection
EndGlobal
